// !$*UTF8*$!
{
	archiveVersion = 1;
	classes = {
	};
	objectVersion = 55;
	objects = {

/* Begin PBXBuildFile section */
		F8FA8ADF27CAB7CC00605606 /* AppDelegate.swift in Sources */ = {isa = PBXBuildFile; fileRef = F8FA8ADE27CAB7CC00605606 /* AppDelegate.swift */; };
		F8FA8AE127CAB7CC00605606 /* SceneDelegate.swift in Sources */ = {isa = PBXBuildFile; fileRef = F8FA8AE027CAB7CC00605606 /* SceneDelegate.swift */; };
		F8FA8AE327CAB7CC00605606 /* ViewController.swift in Sources */ = {isa = PBXBuildFile; fileRef = F8FA8AE227CAB7CC00605606 /* ViewController.swift */; };
		F8FA8AE627CAB7CC00605606 /* Main.storyboard in Resources */ = {isa = PBXBuildFile; fileRef = F8FA8AE427CAB7CC00605606 /* Main.storyboard */; };
		F8FA8AE827CAB7CE00605606 /* Assets.xcassets in Resources */ = {isa = PBXBuildFile; fileRef = F8FA8AE727CAB7CE00605606 /* Assets.xcassets */; };
		F8FA8AEB27CAB7CE00605606 /* LaunchScreen.storyboard in Resources */ = {isa = PBXBuildFile; fileRef = F8FA8AE927CAB7CE00605606 /* LaunchScreen.storyboard */; };
		F8FA8AF627CAB7CE00605606 /* Flashcard_AppTests.swift in Sources */ = {isa = PBXBuildFile; fileRef = F8FA8AF527CAB7CE00605606 /* Flashcard_AppTests.swift */; };
		F8FA8B0027CAB7CE00605606 /* Flashcard_AppUITests.swift in Sources */ = {isa = PBXBuildFile; fileRef = F8FA8AFF27CAB7CE00605606 /* Flashcard_AppUITests.swift */; };
		F8FA8B0227CAB7CE00605606 /* Flashcard_AppUITestsLaunchTests.swift in Sources */ = {isa = PBXBuildFile; fileRef = F8FA8B0127CAB7CE00605606 /* Flashcard_AppUITestsLaunchTests.swift */; };
/* End PBXBuildFile section */

/* Begin PBXContainerItemProxy section */
		F8FA8AF227CAB7CE00605606 /* PBXContainerItemProxy */ = {
			isa = PBXContainerItemProxy;
			containerPortal = F8FA8AD327CAB7CC00605606 /* Project object */;
			proxyType = 1;
			remoteGlobalIDString = F8FA8ADA27CAB7CC00605606;
			remoteInfo = "Flashcard App";
		};
		F8FA8AFC27CAB7CE00605606 /* PBXContainerItemProxy */ = {
			isa = PBXContainerItemProxy;
			containerPortal = F8FA8AD327CAB7CC00605606 /* Project object */;
			proxyType = 1;
			remoteGlobalIDString = F8FA8ADA27CAB7CC00605606;
			remoteInfo = "Flashcard App";
		};
/* End PBXContainerItemProxy section */

/* Begin PBXFileReference section */
		F8FA8ADB27CAB7CC00605606 /* Flashcard App.app */ = {isa = PBXFileReference; explicitFileType = wrapper.application; includeInIndex = 0; path = "Flashcard App.app"; sourceTree = BUILT_PRODUCTS_DIR; };
		F8FA8ADE27CAB7CC00605606 /* AppDelegate.swift */ = {isa = PBXFileReference; lastKnownFileType = sourcecode.swift; path = AppDelegate.swift; sourceTree = "<group>"; };
		F8FA8AE027CAB7CC00605606 /* SceneDelegate.swift */ = {isa = PBXFileReference; lastKnownFileType = sourcecode.swift; path = SceneDelegate.swift; sourceTree = "<group>"; };
		F8FA8AE227CAB7CC00605606 /* ViewController.swift */ = {isa = PBXFileReference; lastKnownFileType = sourcecode.swift; path = ViewController.swift; sourceTree = "<group>"; };
		F8FA8AE527CAB7CC00605606 /* Base */ = {isa = PBXFileReference; lastKnownFileType = file.storyboard; name = Base; path = Base.lproj/Main.storyboard; sourceTree = "<group>"; };
		F8FA8AE727CAB7CE00605606 /* Assets.xcassets */ = {isa = PBXFileReference; lastKnownFileType = folder.assetcatalog; path = Assets.xcassets; sourceTree = "<group>"; };
		F8FA8AEA27CAB7CE00605606 /* Base */ = {isa = PBXFileReference; lastKnownFileType = file.storyboard; name = Base; path = Base.lproj/LaunchScreen.storyboard; sourceTree = "<group>"; };
		F8FA8AEC27CAB7CE00605606 /* Info.plist */ = {isa = PBXFileReference; lastKnownFileType = text.plist.xml; path = Info.plist; sourceTree = "<group>"; };
		F8FA8AF127CAB7CE00605606 /* Flashcard AppTests.xctest */ = {isa = PBXFileReference; explicitFileType = wrapper.cfbundle; includeInIndex = 0; path = "Flashcard AppTests.xctest"; sourceTree = BUILT_PRODUCTS_DIR; };
		F8FA8AF527CAB7CE00605606 /* Flashcard_AppTests.swift */ = {isa = PBXFileReference; lastKnownFileType = sourcecode.swift; path = Flashcard_AppTests.swift; sourceTree = "<group>"; };
		F8FA8AFB27CAB7CE00605606 /* Flashcard AppUITests.xctest */ = {isa = PBXFileReference; explicitFileType = wrapper.cfbundle; includeInIndex = 0; path = "Flashcard AppUITests.xctest"; sourceTree = BUILT_PRODUCTS_DIR; };
		F8FA8AFF27CAB7CE00605606 /* Flashcard_AppUITests.swift */ = {isa = PBXFileReference; lastKnownFileType = sourcecode.swift; path = Flashcard_AppUITests.swift; sourceTree = "<group>"; };
		F8FA8B0127CAB7CE00605606 /* Flashcard_AppUITestsLaunchTests.swift */ = {isa = PBXFileReference; lastKnownFileType = sourcecode.swift; path = Flashcard_AppUITestsLaunchTests.swift; sourceTree = "<group>"; };
/* End PBXFileReference section */

/* Begin PBXFrameworksBuildPhase section */
		F8FA8AD827CAB7CC00605606 /* Frameworks */ = {
			isa = PBXFrameworksBuildPhase;
			buildActionMask = 2147483647;
			files = (
			);
			runOnlyForDeploymentPostprocessing = 0;
		};
		F8FA8AEE27CAB7CE00605606 /* Frameworks */ = {
			isa = PBXFrameworksBuildPhase;
			buildActionMask = 2147483647;
			files = (
			);
			runOnlyForDeploymentPostprocessing = 0;
		};
		F8FA8AF827CAB7CE00605606 /* Frameworks */ = {
			isa = PBXFrameworksBuildPhase;
			buildActionMask = 2147483647;
			files = (
			);
			runOnlyForDeploymentPostprocessing = 0;
		};
/* End PBXFrameworksBuildPhase section */

/* Begin PBXGroup section */
		F8FA8AD227CAB7CC00605606 = {
			isa = PBXGroup;
			children = (
				F8FA8ADD27CAB7CC00605606 /* Flashcard App */,
				F8FA8AF427CAB7CE00605606 /* Flashcard AppTests */,
				F8FA8AFE27CAB7CE00605606 /* Flashcard AppUITests */,
				F8FA8ADC27CAB7CC00605606 /* Products */,
			);
			sourceTree = "<group>";
		};
		F8FA8ADC27CAB7CC00605606 /* Products */ = {
			isa = PBXGroup;
			children = (
				F8FA8ADB27CAB7CC00605606 /* Flashcard App.app */,
				F8FA8AF127CAB7CE00605606 /* Flashcard AppTests.xctest */,
				F8FA8AFB27CAB7CE00605606 /* Flashcard AppUITests.xctest */,
			);
			name = Products;
			sourceTree = "<group>";
		};
		F8FA8ADD27CAB7CC00605606 /* Flashcard App */ = {
			isa = PBXGroup;
			children = (
				F8FA8ADE27CAB7CC00605606 /* AppDelegate.swift */,
				F8FA8AE027CAB7CC00605606 /* SceneDelegate.swift */,
				F8FA8AE227CAB7CC00605606 /* ViewController.swift */,
				F8FA8AE427CAB7CC00605606 /* Main.storyboard */,
				F8FA8AE727CAB7CE00605606 /* Assets.xcassets */,
				F8FA8AE927CAB7CE00605606 /* LaunchScreen.storyboard */,
				F8FA8AEC27CAB7CE00605606 /* Info.plist */,
			);
			path = "Flashcard App";
			sourceTree = "<group>";
		};
		F8FA8AF427CAB7CE00605606 /* Flashcard AppTests */ = {
			isa = PBXGroup;
			children = (
				F8FA8AF527CAB7CE00605606 /* Flashcard_AppTests.swift */,
			);
			path = "Flashcard AppTests";
			sourceTree = "<group>";
		};
		F8FA8AFE27CAB7CE00605606 /* Flashcard AppUITests */ = {
			isa = PBXGroup;
			children = (
				F8FA8AFF27CAB7CE00605606 /* Flashcard_AppUITests.swift */,
				F8FA8B0127CAB7CE00605606 /* Flashcard_AppUITestsLaunchTests.swift */,
			);
			path = "Flashcard AppUITests";
			sourceTree = "<group>";
		};
/* End PBXGroup section */

/* Begin PBXNativeTarget section */
		F8FA8ADA27CAB7CC00605606 /* Flashcard App */ = {
			isa = PBXNativeTarget;
			buildConfigurationList = F8FA8B0527CAB7CE00605606 /* Build configuration list for PBXNativeTarget "Flashcard App" */;
			buildPhases = (
				F8FA8AD727CAB7CC00605606 /* Sources */,
				F8FA8AD827CAB7CC00605606 /* Frameworks */,
				F8FA8AD927CAB7CC00605606 /* Resources */,
			);
			buildRules = (
			);
			dependencies = (
			);
			name = "Flashcard App";
			productName = "Flashcard App";
			productReference = F8FA8ADB27CAB7CC00605606 /* Flashcard App.app */;
			productType = "com.apple.product-type.application";
		};
		F8FA8AF027CAB7CE00605606 /* Flashcard AppTests */ = {
			isa = PBXNativeTarget;
			buildConfigurationList = F8FA8B0827CAB7CE00605606 /* Build configuration list for PBXNativeTarget "Flashcard AppTests" */;
			buildPhases = (
				F8FA8AED27CAB7CE00605606 /* Sources */,
				F8FA8AEE27CAB7CE00605606 /* Frameworks */,
				F8FA8AEF27CAB7CE00605606 /* Resources */,
			);
			buildRules = (
			);
			dependencies = (
				F8FA8AF327CAB7CE00605606 /* PBXTargetDependency */,
			);
			name = "Flashcard AppTests";
			productName = "Flashcard AppTests";
			productReference = F8FA8AF127CAB7CE00605606 /* Flashcard AppTests.xctest */;
			productType = "com.apple.product-type.bundle.unit-test";
		};
		F8FA8AFA27CAB7CE00605606 /* Flashcard AppUITests */ = {
			isa = PBXNativeTarget;
			buildConfigurationList = F8FA8B0B27CAB7CE00605606 /* Build configuration list for PBXNativeTarget "Flashcard AppUITests" */;
			buildPhases = (
				F8FA8AF727CAB7CE00605606 /* Sources */,
				F8FA8AF827CAB7CE00605606 /* Frameworks */,
				F8FA8AF927CAB7CE00605606 /* Resources */,
			);
			buildRules = (
			);
			dependencies = (
				F8FA8AFD27CAB7CE00605606 /* PBXTargetDependency */,
			);
			name = "Flashcard AppUITests";
			productName = "Flashcard AppUITests";
			productReference = F8FA8AFB27CAB7CE00605606 /* Flashcard AppUITests.xctest */;
			productType = "com.apple.product-type.bundle.ui-testing";
		};
/* End PBXNativeTarget section */

/* Begin PBXProject section */
		F8FA8AD327CAB7CC00605606 /* Project object */ = {
			isa = PBXProject;
			attributes = {
				BuildIndependentTargetsInParallel = 1;
				LastSwiftUpdateCheck = 1320;
				LastUpgradeCheck = 1320;
				TargetAttributes = {
					F8FA8ADA27CAB7CC00605606 = {
						CreatedOnToolsVersion = 13.2.1;
					};
					F8FA8AF027CAB7CE00605606 = {
						CreatedOnToolsVersion = 13.2.1;
						TestTargetID = F8FA8ADA27CAB7CC00605606;
					};
					F8FA8AFA27CAB7CE00605606 = {
						CreatedOnToolsVersion = 13.2.1;
						TestTargetID = F8FA8ADA27CAB7CC00605606;
					};
				};
			};
			buildConfigurationList = F8FA8AD627CAB7CC00605606 /* Build configuration list for PBXProject "Flashcard App" */;
			compatibilityVersion = "Xcode 13.0";
			developmentRegion = en;
			hasScannedForEncodings = 0;
			knownRegions = (
				en,
				Base,
			);
			mainGroup = F8FA8AD227CAB7CC00605606;
			productRefGroup = F8FA8ADC27CAB7CC00605606 /* Products */;
			projectDirPath = "";
			projectRoot = "";
			targets = (
				F8FA8ADA27CAB7CC00605606 /* Flashcard App */,
				F8FA8AF027CAB7CE00605606 /* Flashcard AppTests */,
				F8FA8AFA27CAB7CE00605606 /* Flashcard AppUITests */,
			);
		};
/* End PBXProject section */

/* Begin PBXResourcesBuildPhase section */
		F8FA8AD927CAB7CC00605606 /* Resources */ = {
			isa = PBXResourcesBuildPhase;
			buildActionMask = 2147483647;
			files = (
				F8FA8AEB27CAB7CE00605606 /* LaunchScreen.storyboard in Resources */,
				F8FA8AE827CAB7CE00605606 /* Assets.xcassets in Resources */,
				F8FA8AE627CAB7CC00605606 /* Main.storyboard in Resources */,
			);
			runOnlyForDeploymentPostprocessing = 0;
		};
		F8FA8AEF27CAB7CE00605606 /* Resources */ = {
			isa = PBXResourcesBuildPhase;
			buildActionMask = 2147483647;
			files = (
			);
			runOnlyForDeploymentPostprocessing = 0;
		};
		F8FA8AF927CAB7CE00605606 /* Resources */ = {
			isa = PBXResourcesBuildPhase;
			buildActionMask = 2147483647;
			files = (
			);
			runOnlyForDeploymentPostprocessing = 0;
		};
/* End PBXResourcesBuildPhase section */

/* Begin PBXSourcesBuildPhase section */
		F8FA8AD727CAB7CC00605606 /* Sources */ = {
			isa = PBXSourcesBuildPhase;
			buildActionMask = 2147483647;
			files = (
				F8FA8AE327CAB7CC00605606 /* ViewController.swift in Sources */,
				F8FA8ADF27CAB7CC00605606 /* AppDelegate.swift in Sources */,
				F8FA8AE127CAB7CC00605606 /* SceneDelegate.swift in Sources */,
			);
			runOnlyForDeploymentPostprocessing = 0;
		};
		F8FA8AED27CAB7CE00605606 /* Sources */ = {
			isa = PBXSourcesBuildPhase;
			buildActionMask = 2147483647;
			files = (
				F8FA8AF627CAB7CE00605606 /* Flashcard_AppTests.swift in Sources */,
			);
			runOnlyForDeploymentPostprocessing = 0;
		};
		F8FA8AF727CAB7CE00605606 /* Sources */ = {
			isa = PBXSourcesBuildPhase;
			buildActionMask = 2147483647;
			files = (
				F8FA8B0027CAB7CE00605606 /* Flashcard_AppUITests.swift in Sources */,
				F8FA8B0227CAB7CE00605606 /* Flashcard_AppUITestsLaunchTests.swift in Sources */,
			);
			runOnlyForDeploymentPostprocessing = 0;
		};
/* End PBXSourcesBuildPhase section */

/* Begin PBXTargetDependency section */
		F8FA8AF327CAB7CE00605606 /* PBXTargetDependency */ = {
			isa = PBXTargetDependency;
			target = F8FA8ADA27CAB7CC00605606 /* Flashcard App */;
			targetProxy = F8FA8AF227CAB7CE00605606 /* PBXContainerItemProxy */;
		};
		F8FA8AFD27CAB7CE00605606 /* PBXTargetDependency */ = {
			isa = PBXTargetDependency;
			target = F8FA8ADA27CAB7CC00605606 /* Flashcard App */;
			targetProxy = F8FA8AFC27CAB7CE00605606 /* PBXContainerItemProxy */;
		};
/* End PBXTargetDependency section */

/* Begin PBXVariantGroup section */
		F8FA8AE427CAB7CC00605606 /* Main.storyboard */ = {
			isa = PBXVariantGroup;
			children = (
				F8FA8AE527CAB7CC00605606 /* Base */,
			);
			name = Main.storyboard;
			sourceTree = "<group>";
		};
		F8FA8AE927CAB7CE00605606 /* LaunchScreen.storyboard */ = {
			isa = PBXVariantGroup;
			children = (
				F8FA8AEA27CAB7CE00605606 /* Base */,
			);
			name = LaunchScreen.storyboard;
			sourceTree = "<group>";
		};
/* End PBXVariantGroup section */

/* Begin XCBuildConfiguration section */
		F8FA8B0327CAB7CE00605606 /* Debug */ = {
			isa = XCBuildConfiguration;
			buildSettings = {
				ALWAYS_SEARCH_USER_PATHS = NO;
				CLANG_ANALYZER_NONNULL = YES;
				CLANG_ANALYZER_NUMBER_OBJECT_CONVERSION = YES_AGGRESSIVE;
				CLANG_CXX_LANGUAGE_STANDARD = "gnu++17";
				CLANG_CXX_LIBRARY = "libc++";
				CLANG_ENABLE_MODULES = YES;
				CLANG_ENABLE_OBJC_ARC = YES;
				CLANG_ENABLE_OBJC_WEAK = YES;
				CLANG_WARN_BLOCK_CAPTURE_AUTORELEASING = YES;
				CLANG_WARN_BOOL_CONVERSION = YES;
				CLANG_WARN_COMMA = YES;
				CLANG_WARN_CONSTANT_CONVERSION = YES;
				CLANG_WARN_DEPRECATED_OBJC_IMPLEMENTATIONS = YES;
				CLANG_WARN_DIRECT_OBJC_ISA_USAGE = YES_ERROR;
				CLANG_WARN_DOCUMENTATION_COMMENTS = YES;
				CLANG_WARN_EMPTY_BODY = YES;
				CLANG_WARN_ENUM_CONVERSION = YES;
				CLANG_WARN_INFINITE_RECURSION = YES;
				CLANG_WARN_INT_CONVERSION = YES;
				CLANG_WARN_NON_LITERAL_NULL_CONVERSION = YES;
				CLANG_WARN_OBJC_IMPLICIT_RETAIN_SELF = YES;
				CLANG_WARN_OBJC_LITERAL_CONVERSION = YES;
				CLANG_WARN_OBJC_ROOT_CLASS = YES_ERROR;
				CLANG_WARN_QUOTED_INCLUDE_IN_FRAMEWORK_HEADER = YES;
				CLANG_WARN_RANGE_LOOP_ANALYSIS = YES;
				CLANG_WARN_STRICT_PROTOTYPES = YES;
				CLANG_WARN_SUSPICIOUS_MOVE = YES;
				CLANG_WARN_UNGUARDED_AVAILABILITY = YES_AGGRESSIVE;
				CLANG_WARN_UNREACHABLE_CODE = YES;
				CLANG_WARN__DUPLICATE_METHOD_MATCH = YES;
				COPY_PHASE_STRIP = NO;
				DEBUG_INFORMATION_FORMAT = dwarf;
				ENABLE_STRICT_OBJC_MSGSEND = YES;
				ENABLE_TESTABILITY = YES;
				GCC_C_LANGUAGE_STANDARD = gnu11;
				GCC_DYNAMIC_NO_PIC = NO;
				GCC_NO_COMMON_BLOCKS = YES;
				GCC_OPTIMIZATION_LEVEL = 0;
				GCC_PREPROCESSOR_DEFINITIONS = (
					"DEBUG=1",
					"$(inherited)",
				);
				GCC_WARN_64_TO_32_BIT_CONVERSION = YES;
				GCC_WARN_ABOUT_RETURN_TYPE = YES_ERROR;
				GCC_WARN_UNDECLARED_SELECTOR = YES;
				GCC_WARN_UNINITIALIZED_AUTOS = YES_AGGRESSIVE;
				GCC_WARN_UNUSED_FUNCTION = YES;
				GCC_WARN_UNUSED_VARIABLE = YES;
				IPHONEOS_DEPLOYMENT_TARGET = 15.2;
				MTL_ENABLE_DEBUG_INFO = INCLUDE_SOURCE;
				MTL_FAST_MATH = YES;
				ONLY_ACTIVE_ARCH = YES;
				SDKROOT = iphoneos;
				SWIFT_ACTIVE_COMPILATION_CONDITIONS = DEBUG;
				SWIFT_OPTIMIZATION_LEVEL = "-Onone";
			};
			name = Debug;
		};
		F8FA8B0427CAB7CE00605606 /* Release */ = {
			isa = XCBuildConfiguration;
			buildSettings = {
				ALWAYS_SEARCH_USER_PATHS = NO;
				CLANG_ANALYZER_NONNULL = YES;
				CLANG_ANALYZER_NUMBER_OBJECT_CONVERSION = YES_AGGRESSIVE;
				CLANG_CXX_LANGUAGE_STANDARD = "gnu++17";
				CLANG_CXX_LIBRARY = "libc++";
				CLANG_ENABLE_MODULES = YES;
				CLANG_ENABLE_OBJC_ARC = YES;
				CLANG_ENABLE_OBJC_WEAK = YES;
				CLANG_WARN_BLOCK_CAPTURE_AUTORELEASING = YES;
				CLANG_WARN_BOOL_CONVERSION = YES;
				CLANG_WARN_COMMA = YES;
				CLANG_WARN_CONSTANT_CONVERSION = YES;
				CLANG_WARN_DEPRECATED_OBJC_IMPLEMENTATIONS = YES;
				CLANG_WARN_DIRECT_OBJC_ISA_USAGE = YES_ERROR;
				CLANG_WARN_DOCUMENTATION_COMMENTS = YES;
				CLANG_WARN_EMPTY_BODY = YES;
				CLANG_WARN_ENUM_CONVERSION = YES;
				CLANG_WARN_INFINITE_RECURSION = YES;
				CLANG_WARN_INT_CONVERSION = YES;
				CLANG_WARN_NON_LITERAL_NULL_CONVERSION = YES;
				CLANG_WARN_OBJC_IMPLICIT_RETAIN_SELF = YES;
				CLANG_WARN_OBJC_LITERAL_CONVERSION = YES;
				CLANG_WARN_OBJC_ROOT_CLASS = YES_ERROR;
				CLANG_WARN_QUOTED_INCLUDE_IN_FRAMEWORK_HEADER = YES;
				CLANG_WARN_RANGE_LOOP_ANALYSIS = YES;
				CLANG_WARN_STRICT_PROTOTYPES = YES;
				CLANG_WARN_SUSPICIOUS_MOVE = YES;
				CLANG_WARN_UNGUARDED_AVAILABILITY = YES_AGGRESSIVE;
				CLANG_WARN_UNREACHABLE_CODE = YES;
				CLANG_WARN__DUPLICATE_METHOD_MATCH = YES;
				COPY_PHASE_STRIP = NO;
				DEBUG_INFORMATION_FORMAT = "dwarf-with-dsym";
				ENABLE_NS_ASSERTIONS = NO;
				ENABLE_STRICT_OBJC_MSGSEND = YES;
				GCC_C_LANGUAGE_STANDARD = gnu11;
				GCC_NO_COMMON_BLOCKS = YES;
				GCC_WARN_64_TO_32_BIT_CONVERSION = YES;
				GCC_WARN_ABOUT_RETURN_TYPE = YES_ERROR;
				GCC_WARN_UNDECLARED_SELECTOR = YES;
				GCC_WARN_UNINITIALIZED_AUTOS = YES_AGGRESSIVE;
				GCC_WARN_UNUSED_FUNCTION = YES;
				GCC_WARN_UNUSED_VARIABLE = YES;
				IPHONEOS_DEPLOYMENT_TARGET = 15.2;
				MTL_ENABLE_DEBUG_INFO = NO;
				MTL_FAST_MATH = YES;
				SDKROOT = iphoneos;
				SWIFT_COMPILATION_MODE = wholemodule;
				SWIFT_OPTIMIZATION_LEVEL = "-O";
				VALIDATE_PRODUCT = YES;
			};
			name = Release;
		};
		F8FA8B0627CAB7CE00605606 /* Debug */ = {
			isa = XCBuildConfiguration;
			buildSettings = {
				ASSETCATALOG_COMPILER_APPICON_NAME = AppIcon;
				ASSETCATALOG_COMPILER_GLOBAL_ACCENT_COLOR_NAME = AccentColor;
				CODE_SIGN_STYLE = Automatic;
				CURRENT_PROJECT_VERSION = 1;
				DEVELOPMENT_TEAM = 389D8564US;
				GENERATE_INFOPLIST_FILE = YES;
				INFOPLIST_FILE = "Flashcard App/Info.plist";
				INFOPLIST_KEY_UIApplicationSupportsIndirectInputEvents = YES;
				INFOPLIST_KEY_UILaunchStoryboardName = LaunchScreen;
				INFOPLIST_KEY_UIMainStoryboardFile = Main;
				INFOPLIST_KEY_UISupportedInterfaceOrientations_iPad = "UIInterfaceOrientationPortrait UIInterfaceOrientationPortraitUpsideDown UIInterfaceOrientationLandscapeLeft UIInterfaceOrientationLandscapeRight";
				INFOPLIST_KEY_UISupportedInterfaceOrientations_iPhone = "UIInterfaceOrientationPortrait UIInterfaceOrientationLandscapeLeft UIInterfaceOrientationLandscapeRight";
				LD_RUNPATH_SEARCH_PATHS = (
					"$(inherited)",
					"@executable_path/Frameworks",
				);
				MARKETING_VERSION = 1.0;
				PRODUCT_BUNDLE_IDENTIFIER = "memo.com.NicoleRazo.Flashcard-App";
				PRODUCT_NAME = "$(TARGET_NAME)";
				SWIFT_EMIT_LOC_STRINGS = YES;
				SWIFT_VERSION = 5.0;
				TARGETED_DEVICE_FAMILY = "1,2";
			};
			name = Debug;
		};
		F8FA8B0727CAB7CE00605606 /* Release */ = {
			isa = XCBuildConfiguration;
			buildSettings = {
				ASSETCATALOG_COMPILER_APPICON_NAME = AppIcon;
				ASSETCATALOG_COMPILER_GLOBAL_ACCENT_COLOR_NAME = AccentColor;
				CODE_SIGN_STYLE = Automatic;
				CURRENT_PROJECT_VERSION = 1;
				DEVELOPMENT_TEAM = 389D8564US;
				GENERATE_INFOPLIST_FILE = YES;
				INFOPLIST_FILE = "Flashcard App/Info.plist";
				INFOPLIST_KEY_UIApplicationSupportsIndirectInputEvents = YES;
				INFOPLIST_KEY_UILaunchStoryboardName = LaunchScreen;
				INFOPLIST_KEY_UIMainStoryboardFile = Main;
				INFOPLIST_KEY_UISupportedInterfaceOrientations_iPad = "UIInterfaceOrientationPortrait UIInterfaceOrientationPortraitUpsideDown UIInterfaceOrientationLandscapeLeft UIInterfaceOrientationLandscapeRight";
				INFOPLIST_KEY_UISupportedInterfaceOrientations_iPhone = "UIInterfaceOrientationPortrait UIInterfaceOrientationLandscapeLeft UIInterfaceOrientationLandscapeRight";
				LD_RUNPATH_SEARCH_PATHS = (
					"$(inherited)",
					"@executable_path/Frameworks",
				);
				MARKETING_VERSION = 1.0;
				PRODUCT_BUNDLE_IDENTIFIER = "memo.com.NicoleRazo.Flashcard-App";
				PRODUCT_NAME = "$(TARGET_NAME)";
				SWIFT_EMIT_LOC_STRINGS = YES;
				SWIFT_VERSION = 5.0;
				TARGETED_DEVICE_FAMILY = "1,2";
			};
			name = Release;
		};
		F8FA8B0927CAB7CE00605606 /* Debug */ = {
			isa = XCBuildConfiguration;
			buildSettings = {
				ALWAYS_EMBED_SWIFT_STANDARD_LIBRARIES = YES;
				BUNDLE_LOADER = "$(TEST_HOST)";
				CODE_SIGN_STYLE = Automatic;
				CURRENT_PROJECT_VERSION = 1;
				DEVELOPMENT_TEAM = 389D8564US;
				GENERATE_INFOPLIST_FILE = YES;
				IPHONEOS_DEPLOYMENT_TARGET = 15.2;
				MARKETING_VERSION = 1.0;
				PRODUCT_BUNDLE_IDENTIFIER = "memo.com.NicoleRazo.Flashcard-AppTests";
				PRODUCT_NAME = "$(TARGET_NAME)";
				SWIFT_EMIT_LOC_STRINGS = NO;
				SWIFT_VERSION = 5.0;
				TARGETED_DEVICE_FAMILY = "1,2";
				TEST_HOST = "$(BUILT_PRODUCTS_DIR)/Flashcard App.app/Flashcard App";
			};
			name = Debug;
		};
		F8FA8B0A27CAB7CE00605606 /* Release */ = {
			isa = XCBuildConfiguration;
			buildSettings = {
				ALWAYS_EMBED_SWIFT_STANDARD_LIBRARIES = YES;
				BUNDLE_LOADER = "$(TEST_HOST)";
				CODE_SIGN_STYLE = Automatic;
				CURRENT_PROJECT_VERSION = 1;
				DEVELOPMENT_TEAM = 389D8564US;
				GENERATE_INFOPLIST_FILE = YES;
				IPHONEOS_DEPLOYMENT_TARGET = 15.2;
				MARKETING_VERSION = 1.0;
				PRODUCT_BUNDLE_IDENTIFIER = "memo.com.NicoleRazo.Flashcard-AppTests";
				PRODUCT_NAME = "$(TARGET_NAME)";
				SWIFT_EMIT_LOC_STRINGS = NO;
				SWIFT_VERSION = 5.0;
				TARGETED_DEVICE_FAMILY = "1,2";
				TEST_HOST = "$(BUILT_PRODUCTS_DIR)/Flashcard App.app/Flashcard App";
			};
			name = Release;
		};
		F8FA8B0C27CAB7CE00605606 /* Debug */ = {
			isa = XCBuildConfiguration;
			buildSettings = {
				ALWAYS_EMBED_SWIFT_STANDARD_LIBRARIES = YES;
				CODE_SIGN_STYLE = Automatic;
				CURRENT_PROJECT_VERSION = 1;
				DEVELOPMENT_TEAM = 389D8564US;
				GENERATE_INFOPLIST_FILE = YES;
				MARKETING_VERSION = 1.0;
				PRODUCT_BUNDLE_IDENTIFIER = "memo.com.NicoleRazo.Flashcard-AppUITests";
				PRODUCT_NAME = "$(TARGET_NAME)";
				SWIFT_EMIT_LOC_STRINGS = NO;
				SWIFT_VERSION = 5.0;
				TARGETED_DEVICE_FAMILY = "1,2";
				TEST_TARGET_NAME = "Flashcard App";
			};
			name = Debug;
		};
		F8FA8B0D27CAB7CE00605606 /* Release */ = {
			isa = XCBuildConfiguration;
			buildSettings = {
				ALWAYS_EMBED_SWIFT_STANDARD_LIBRARIES = YES;
				CODE_SIGN_STYLE = Automatic;
				CURRENT_PROJECT_VERSION = 1;
				DEVELOPMENT_TEAM = 389D8564US;
				GENERATE_INFOPLIST_FILE = YES;
				MARKETING_VERSION = 1.0;
				PRODUCT_BUNDLE_IDENTIFIER = "memo.com.NicoleRazo.Flashcard-AppUITests";
				PRODUCT_NAME = "$(TARGET_NAME)";
				SWIFT_EMIT_LOC_STRINGS = NO;
				SWIFT_VERSION = 5.0;
				TARGETED_DEVICE_FAMILY = "1,2";
				TEST_TARGET_NAME = "Flashcard App";
			};
			name = Release;
		};
/* End XCBuildConfiguration section */

/* Begin XCConfigurationList section */
		F8FA8AD627CAB7CC00605606 /* Build configuration list for PBXProject "Flashcard App" */ = {
			isa = XCConfigurationList;
			buildConfigurations = (
				F8FA8B0327CAB7CE00605606 /* Debug */,
				F8FA8B0427CAB7CE00605606 /* Release */,
			);
			defaultConfigurationIsVisible = 0;
			defaultConfigurationName = Release;
		};
		F8FA8B0527CAB7CE00605606 /* Build configuration list for PBXNativeTarget "Flashcard App" */ = {
			isa = XCConfigurationList;
			buildConfigurations = (
				F8FA8B0627CAB7CE00605606 /* Debug */,
				F8FA8B0727CAB7CE00605606 /* Release */,
			);
			defaultConfigurationIsVisible = 0;
			defaultConfigurationName = Release;
		};
		F8FA8B0827CAB7CE00605606 /* Build configuration list for PBXNativeTarget "Flashcard AppTests" */ = {
			isa = XCConfigurationList;
			buildConfigurations = (
				F8FA8B0927CAB7CE00605606 /* Debug */,
				F8FA8B0A27CAB7CE00605606 /* Release */,
			);
			defaultConfigurationIsVisible = 0;
			defaultConfigurationName = Release;
		};
		F8FA8B0B27CAB7CE00605606 /* Build configuration list for PBXNativeTarget "Flashcard AppUITests" */ = {
			isa = XCConfigurationList;
			buildConfigurations = (
				F8FA8B0C27CAB7CE00605606 /* Debug */,
				F8FA8B0D27CAB7CE00605606 /* Release */,
			);
			defaultConfigurationIsVisible = 0;
			defaultConfigurationName = Release;
		};
/* End XCConfigurationList section */
	};
	rootObject = F8FA8AD327CAB7CC00605606 /* Project object */;
}
